
Microsoft Visual Studio Solution File, Format Version 12.00
# Visual Studio 15
VisualStudioVersion = 15.0.27130.2024
MinimumVisualStudioVersion = 10.0.40219.1
Project("{FAE04EC0-301F-11D3-BF4B-00C04F79EFBC}") = "SUS", "SUS\SUS.csproj", "{AD8842DA-EDB9-4878-AF69-8BEB80FF7805}"
EndProject
Project("{FAE04EC0-301F-11D3-BF4B-00C04F79EFBC}") = "SUSClient", "SUSClient\SUSClient.csproj", "{7C978AE3-C782-40E8-9EB8-8C6EACB886A8}"
EndProject
Project("{FAE04EC0-301F-11D3-BF4B-00C04F79EFBC}") = "SharedUtility", "SharedUtility\SharedUtility.csproj", "{DEB4D0C9-0E5D-496E-9E59-D41AF8B6B7B8}"
EndProject
Global
	GlobalSection(SolutionConfigurationPlatforms) = preSolution
		Debug|Any CPU = Debug|Any CPU
		Release|Any CPU = Release|Any CPU
	EndGlobalSection
	GlobalSection(ProjectConfigurationPlatforms) = postSolution
		{AD8842DA-EDB9-4878-AF69-8BEB80FF7805}.Debug|Any CPU.ActiveCfg = Debug|Any CPU
		{AD8842DA-EDB9-4878-AF69-8BEB80FF7805}.Debug|Any CPU.Build.0 = Debug|Any CPU
		{AD8842DA-EDB9-4878-AF69-8BEB80FF7805}.Release|Any CPU.ActiveCfg = Release|Any CPU
		{AD8842DA-EDB9-4878-AF69-8BEB80FF7805}.Release|Any CPU.Build.0 = Release|Any CPU
		{7C978AE3-C782-40E8-9EB8-8C6EACB886A8}.Debug|Any CPU.ActiveCfg = Debug|Any CPU
		{7C978AE3-C782-40E8-9EB8-8C6EACB886A8}.Debug|Any CPU.Build.0 = Debug|Any CPU
		{7C978AE3-C782-40E8-9EB8-8C6EACB886A8}.Release|Any CPU.ActiveCfg = Release|Any CPU
		{7C978AE3-C782-40E8-9EB8-8C6EACB886A8}.Release|Any CPU.Build.0 = Release|Any CPU
		{DEB4D0C9-0E5D-496E-9E59-D41AF8B6B7B8}.Debug|Any CPU.ActiveCfg = Debug|Any CPU
		{DEB4D0C9-0E5D-496E-9E59-D41AF8B6B7B8}.Debug|Any CPU.Build.0 = Debug|Any CPU
		{DEB4D0C9-0E5D-496E-9E59-D41AF8B6B7B8}.Release|Any CPU.ActiveCfg = Release|Any CPU
		{DEB4D0C9-0E5D-496E-9E59-D41AF8B6B7B8}.Release|Any CPU.Build.0 = Release|Any CPU
	EndGlobalSection
	GlobalSection(SolutionProperties) = preSolution
		HideSolutionNode = FALSE
	EndGlobalSection
	GlobalSection(ExtensibilityGlobals) = postSolution
		SolutionGuid = {F954540B-1F1D-477F-B83C-CD9EDCA8EE59}
	EndGlobalSection
EndGlobal
